# THIS IS AN AUTOGENERATED FILE. DO NOT EDIT THIS FILE DIRECTLY.
# yarn lockfile v1


minobjs@^1.0.1:
  version "1.0.1"
  resolved "https://registry.yarnpkg.com/minobjs/-/minobjs-1.0.1.tgz#94d03427f7bb46c2fd887637f8645d3b796b20a8"
  integrity sha512-rV0TMb6rSmZTtTVO2QrzkAe1pSACVSw97/2CiNHXvapPymhh8aX1Ma6PFFjiLv7aEIVEptb+cVHFE9hl0TGThg==

typescript@^3.7.3:
  version "3.7.3"
  resolved "https://registry.yarnpkg.com/typescript/-/typescript-3.7.3.tgz#b36840668a16458a7025b9eabfad11b66ab85c69"
  integrity sha512-Mcr/Qk7hXqFBXMN7p7Lusj1ktCBydylfQM/FZCk5glCNQJrCUKPkMHdo9R0MTFWsC/4kPFvDS0fDPvukfCkFsw==
